<Solution>
  <Folder Name="/src/">
    <Project Path="src/Ajure.Agent/Ajure.Agent.csproj" />
    <Project Path="src/Ajure.Api/Ajure.Api.csproj" />
    <Project Path="src/Ajure.AppHost/Ajure.AppHost.csproj" />
    <Project Path="src/Ajure.Infrastructure/Ajure.Infrastructure.csproj" />
    <Project Path="src/Ajure.ServiceDefaults/Ajure.ServiceDefaults.csproj" />
    <Project Path="src/Ajure.Specification/Ajure.Specification.csproj" />
    <Project Path="src/Ajure.Validation/Ajure.Validation.csproj" />
    <Project Path="src/Ajure.Worker/Ajure.Worker.csproj" />
  </Folder>
  <Folder Name="/tests/">
    <Project Path="tests/Ajure.Agent.EvaluationTests/Ajure.Agent.EvaluationTests.csproj" />
    <Project Path="tests/Ajure.Api.IntegrationTests/Ajure.Api.IntegrationTests.csproj" />
    <Project Path="tests/Ajure.Specification.Tests/Ajure.Specification.Tests.csproj" />
    <Project Path="tests/Ajure.Validation.Tests/Ajure.Validation.Tests.csproj" />
  </Folder>
</Solution>
